
Microsoft Visual Studio Solution File, Format Version 12.00
# Visual Studio Version 16
VisualStudioVersion = 16.0.29728.190
MinimumVisualStudioVersion = 10.0.40219.1
Project("{FAE04EC0-301F-11D3-BF4B-00C04F79EFBC}") = "ConfigBalanceadorAlternativo", "ConfigBalanceadorAlternativo\ConfigBalanceadorAlternativo.csproj", "{0D778ECF-C935-4139-8198-834B07DA37A4}"
EndProject
Global
	GlobalSection(SolutionConfigurationPlatforms) = preSolution
		Debug|Any CPU = Debug|Any CPU
		Release|Any CPU = Release|Any CPU
	EndGlobalSection
	GlobalSection(ProjectConfigurationPlatforms) = postSolution
		{0D778ECF-C935-4139-8198-834B07DA37A4}.Debug|Any CPU.ActiveCfg = Debug|Any CPU
		{0D778ECF-C935-4139-8198-834B07DA37A4}.Debug|Any CPU.Build.0 = Debug|Any CPU
		{0D778ECF-C935-4139-8198-834B07DA37A4}.Release|Any CPU.ActiveCfg = Release|Any CPU
		{0D778ECF-C935-4139-8198-834B07DA37A4}.Release|Any CPU.Build.0 = Release|Any CPU
	EndGlobalSection
	GlobalSection(SolutionProperties) = preSolution
		HideSolutionNode = FALSE
	EndGlobalSection
	GlobalSection(ExtensibilityGlobals) = postSolution
		SolutionGuid = {88EEFBA9-4F3E-4B8D-BAA7-DCFD3D7B99D4}
	EndGlobalSection
EndGlobal
